# This file is automatically @generated by Cargo.
# It is not intended for manual editing.
version = 3

[[package]]
name = "ff-cosmwasm-std"
version = "0.0.1"

[[package]]
name = "ff-multitest"
version = "0.0.1"
dependencies = [
 "ff-cosmwasm-std",
]

[[package]]
name = "ff-sylvia"
version = "0.0.1"
dependencies = [
 "ff-cosmwasm-std",
 "ff-multitest",
]
